
Microsoft Visual Studio Solution File, Format Version 12.00
# Visual Studio Version 16
VisualStudioVersion = 16.0.30907.101
MinimumVisualStudioVersion = 10.0.40219.1
Project("{F184B08F-C81C-45F6-A57F-5ABD9991F28F}") = "Launcher", "Launcher\Launcher.vbproj", "{A746E96B-A048-4ECD-A203-237C5FC81145}"
EndProject
Global
	GlobalSection(SolutionConfigurationPlatforms) = preSolution
		Debug|Any CPU = Debug|Any CPU
		Release|Any CPU = Release|Any CPU
	EndGlobalSection
	GlobalSection(ProjectConfigurationPlatforms) = postSolution
		{A746E96B-A048-4ECD-A203-237C5FC81145}.Debug|Any CPU.ActiveCfg = Debug|Any CPU
		{A746E96B-A048-4ECD-A203-237C5FC81145}.Debug|Any CPU.Build.0 = Debug|Any CPU
		{A746E96B-A048-4ECD-A203-237C5FC81145}.Release|Any CPU.ActiveCfg = Release|Any CPU
		{A746E96B-A048-4ECD-A203-237C5FC81145}.Release|Any CPU.Build.0 = Release|Any CPU
	EndGlobalSection
	GlobalSection(SolutionProperties) = preSolution
		HideSolutionNode = FALSE
	EndGlobalSection
	GlobalSection(ExtensibilityGlobals) = postSolution
		SolutionGuid = {ABC42C55-89CE-4EA9-B20D-3FFCF15C6A02}
	EndGlobalSection
EndGlobal
